
Microsoft Visual Studio Solution File, Format Version 12.00
Project("{F2A71F9B-5D33-465A-A702-920D77279786}") = "AdventOfCode2024", "AdventOfCode2024.fsproj", "{7004EA3F-7AC9-4BA2-947D-4E5C5070EE7E}"
EndProject
Global
	GlobalSection(SolutionConfigurationPlatforms) = preSolution
		Debug|Any CPU = Debug|Any CPU
		Release|Any CPU = Release|Any CPU
	EndGlobalSection
	GlobalSection(ProjectConfigurationPlatforms) = postSolution
		{7004EA3F-7AC9-4BA2-947D-4E5C5070EE7E}.Debug|Any CPU.ActiveCfg = Debug|Any CPU
		{7004EA3F-7AC9-4BA2-947D-4E5C5070EE7E}.Debug|Any CPU.Build.0 = Debug|Any CPU
		{7004EA3F-7AC9-4BA2-947D-4E5C5070EE7E}.Release|Any CPU.ActiveCfg = Release|Any CPU
		{7004EA3F-7AC9-4BA2-947D-4E5C5070EE7E}.Release|Any CPU.Build.0 = Release|Any CPU
	EndGlobalSection
EndGlobal
